github.com/davecgh/go-spew v1.1.0/go.mod h1:J7Y8YcW2NihsgmVo/mv3lAwl/skON4iLHjSsI+c5H38=
github.com/davecgh/go-spew v1.1.1/go.mod h1:J7Y8YcW2NihsgmVo/mv3lAwl/skON4iLHjSsI+c5H38=
github.com/dustin/go-heatmap v0.0.0-20180603032536-b89dbd73785a/go.mod h1:VBmwC4U3p2SMEKr+/m5j0eby7rmUtSoA5TGLwe6P+3A=
github.com/gogo/protobuf v1.3.1 h1:DqDEcV5aeaTmdFBePNpYsp3FlcVH/2ISVVM9Qf8PSls=
github.com/gogo/protobuf v1.3.1/go.mod h1:SlYgWuQ5SjCEi6WLHjHCa1yvBfUnHcTbrrZtXPKa29o=
github.com/golang/freetype v0.0.0-20170609003504-e2365dfdc4a0/go.mod h1:E/TSTwGwJL78qG/PmXZO1EjYhfJinVAhrmmHX6Z8B9k=
github.com/golang/geo v0.0.0-20180826223333-635502111454/go.mod h1:vgWZ7cu0fq0KY3PpEHsocXOWJpRtkcbKemU4IUw0M60=
github.com/golang/geo v0.0.0-20190916061304-5b978397cfec h1:lJwO/92dFXWeXOZdoGXgptLmNLwynMSHUmU6besqtiw=
github.com/golang/geo v0.0.0-20190916061304-5b978397cfec/go.mod h1:QZ0nwyI2jOfgRAoBvP+ab5aRr7c9x7lhGEJrKvBwjWI=
github.com/golang/geo v0.0.0-20200319012246-673a6f80352d h1:C/hKUcHT483btRbeGkrRjJz+Zbcj8audldIi9tRJDCc=
github.com/golang/geo v0.0.0-20200319012246-673a6f80352d/go.mod h1:QZ0nwyI2jOfgRAoBvP+ab5aRr7c9x7lhGEJrKvBwjWI=
github.com/kisielk/errcheck v1.2.0/go.mod h1:/BMXB+zMLi60iA8Vv6Ksmxu/1UDYcXs4uQLJ+jE2L00=
github.com/kisielk/gotool v1.0.0/go.mod h1:XhKaO+MFFWcvkIS/tQcRk01m1F5IRFswLeQ+oQHNcck=
github.com/llgcode/draw2d v0.0.0-20180124133339-274031cf2abe/go.mod h1:th5ThsEAha37D8D9FbfhLvGuf04dR1aM0mgdYs+XHto=
github.com/llgcode/ps v0.0.0-20150911083025-f1443b32eedb/go.mod h1:1l8ky+Ew27CMX29uG+a2hNOKpeNYEQjjtiALiBlFQbY=
github.com/markus-wa/demoinfocs-golang v1.10.0 h1:XgGsUG2jBIWT6yqkKqWg3Xh671acQiilDi4/xrKNwTY=
github.com/markus-wa/demoinfocs-golang/v2 v2.1.0 h1:m3+/+FwyNjsMgSchuSTX39q2DcoB8Utz9BcmCMBaUUM=
github.com/markus-wa/demoinfocs-golang/v2 v2.1.0/go.mod h1:yLydbjqMxvbIQWYOC8MbQpDPclIU9cRe/OFkCZ+VdEI=
github.com/markus-wa/go-unassert v0.1.2 h1:uXWlMDa8JVtc4RgNq4XJIjyRejv9MOVuy/E0VECPxxo=
github.com/markus-wa/go-unassert v0.1.2/go.mod h1:XEvrxR+trvZeMDfXcZPvzqGo6eumEtdk5VjNRuvvzxQ=
github.com/markus-wa/gobitread v0.2.2 h1:4Z4oJ8Bf1XnOy6JZ2/9AdFKVAoxdq7awRjrb+j2BeSQ=
github.com/markus-wa/gobitread v0.2.2/go.mod h1:PcWXMH4gx7o2CKslbkFkLyJB/aHW7JVRG3MRZe3PINg=
github.com/markus-wa/godispatch v1.3.0 h1:eHT5Xm8ZEwilj9b/Tu7gyMfmtSau+yC0qpM7NRR+CQk=
github.com/markus-wa/godispatch v1.3.0/go.mod h1:GNzV7xdnZ9+VBi0z+hma9oUQrJmtqRrqyAuGKTTTcKY=
github.com/markus-wa/quickhull-go/v2 v2.1.0 h1:DA2pzEzH0k5CEnlUsouRqNdD+jzNFb4DBhrX4Hpa5So=
github.com/markus-wa/quickhull-go/v2 v2.1.0/go.mod h1:bOlBUpIzGSMMhHX0f9N8CQs0VZD4nnPeta0OocH7m4o=
github.com/pmezard/go-difflib v1.0.0/go.mod h1:iKH77koFhYxTK1pcRnkKkqfTogsbg7gZNVY4sRDYZ/4=
github.com/pnxenopoulos/csgonavparse v0.0.0-20200519025756-75a89188962a h1:PfvU7i46dPdpPonhoQ87QFB64QYlGRctf1bkLIYqY1I=
github.com/pnxenopoulos/csgonavparse v0.0.0-20200519025756-75a89188962a/go.mod h1:BrVTeWKMxq4qxi4QZFUVA0VyAJYtmUZyYvIdnfBLbww=
github.com/pnxenopoulos/csgonavparse v0.0.0-20200623055419-d62dc1d79ee1 h1:bNCnmPJ1AFhcjkrYn+Hsnb+XIIAkEjoFTaqHbddWgeE=
github.com/pnxenopoulos/csgonavparse v0.0.0-20200623055419-d62dc1d79ee1/go.mod h1:BrVTeWKMxq4qxi4QZFUVA0VyAJYtmUZyYvIdnfBLbww=
github.com/stretchr/objx v0.1.0/go.mod h1:HFkY916IF+rwdDfMAkV7OtwuqBVzrE8GR6GFx+wExME=
github.com/stretchr/objx v0.1.1/go.mod h1:HFkY916IF+rwdDfMAkV7OtwuqBVzrE8GR6GFx+wExME=
github.com/stretchr/testify v1.4.0/go.mod h1:j7eGeouHqKxXV5pUuKE4zz7dFj8WfuZ+81PSLYec5m4=
github.com/stretchr/testify v1.5.1/go.mod h1:5W2xD1RspED5o8YsWQXVCued0rvSQ+mT+I5cxcmMvtA=
golang.org/x/image v0.0.0-20180708004352-c73c2afc3b81/go.mod h1:ux5Hcp/YLpHSI86hEcLt0YII63i6oz57MZXIpbrjZUs=
golang.org/x/tools v0.0.0-20181030221726-6c7e314b6563/go.mod h1:n7NCudcB/nEzxVGmLbDWY5pfWTLqBcC2KZ6jyYvM4mQ=
gopkg.in/check.v1 v0.0.0-20161208181325-20d25e280405/go.mod h1:Co6ibVJAznAaIkqp8huTwlJQCZ016jof/cbN4VW5Yz0=
gopkg.in/yaml.v2 v2.2.2/go.mod h1:hI93XBmqTisBFMUTm0b8Fm+jr3Dg1NNxqwp+5A1VGuI=
